
Microsoft Visual Studio Solution File, Format Version 12.00
# Visual Studio Version 16
VisualStudioVersion = 16.0.31129.286
MinimumVisualStudioVersion = 10.0.40219.1
Project("{FAE04EC0-301F-11D3-BF4B-00C04F79EFBC}") = "CSharpIntermediate", "CSharpIntermediate\CSharpIntermediate.csproj", "{CDD9A3B8-CFC3-4199-921E-3CE1E0C9EAF5}"
EndProject
Project("{FAE04EC0-301F-11D3-BF4B-00C04F79EFBC}") = "CSharpIntermediate.UnitTests", "CSharpIntermediate.UnitTests\CSharpIntermediate.UnitTests.csproj", "{7CA92A88-24CD-4F67-B06B-EE0170146F8F}"
EndProject
Global
	GlobalSection(SolutionConfigurationPlatforms) = preSolution
		Debug|Any CPU = Debug|Any CPU
		Release|Any CPU = Release|Any CPU
	EndGlobalSection
	GlobalSection(ProjectConfigurationPlatforms) = postSolution
		{CDD9A3B8-CFC3-4199-921E-3CE1E0C9EAF5}.Debug|Any CPU.ActiveCfg = Debug|Any CPU
		{CDD9A3B8-CFC3-4199-921E-3CE1E0C9EAF5}.Debug|Any CPU.Build.0 = Debug|Any CPU
		{CDD9A3B8-CFC3-4199-921E-3CE1E0C9EAF5}.Release|Any CPU.ActiveCfg = Release|Any CPU
		{CDD9A3B8-CFC3-4199-921E-3CE1E0C9EAF5}.Release|Any CPU.Build.0 = Release|Any CPU
		{7CA92A88-24CD-4F67-B06B-EE0170146F8F}.Debug|Any CPU.ActiveCfg = Debug|Any CPU
		{7CA92A88-24CD-4F67-B06B-EE0170146F8F}.Debug|Any CPU.Build.0 = Debug|Any CPU
		{7CA92A88-24CD-4F67-B06B-EE0170146F8F}.Release|Any CPU.ActiveCfg = Release|Any CPU
		{7CA92A88-24CD-4F67-B06B-EE0170146F8F}.Release|Any CPU.Build.0 = Release|Any CPU
	EndGlobalSection
	GlobalSection(SolutionProperties) = preSolution
		HideSolutionNode = FALSE
	EndGlobalSection
	GlobalSection(ExtensibilityGlobals) = postSolution
		SolutionGuid = {B2CF6F6F-430A-4D2F-8B15-2BADD545B1C8}
	EndGlobalSection
EndGlobal
